<Solution>
  <Project Path="ublockfilterutility.client/ublockfilterutility.client.esproj">
    <Build />
    <Deploy />
  </Project>
  <Project Path="uBlockFilterUtility.node/uBlockFilterUtility.node.esproj">
    <Build />
    <Deploy />
  </Project>
  <Project Path="uBlockFilterUtility.Server/uBlockFilterUtility.Server.csproj" />
</Solution>
